
Microsoft Visual Studio Solution File, Format Version 12.00
# Visual Studio Version 17
VisualStudioVersion = 17.2.32526.322
MinimumVisualStudioVersion = 10.0.40219.1
Project("{FAE04EC0-301F-11D3-BF4B-00C04F79EFBC}") = "QuizWebApplication", "QuizWebApplication\QuizWebApplication.csproj", "{7F08F8C5-68B7-4F62-A45E-DC2EB97EBC1E}"
EndProject
Global
	GlobalSection(SolutionConfigurationPlatforms) = preSolution
		Debug|Any CPU = Debug|Any CPU
		Release|Any CPU = Release|Any CPU
	EndGlobalSection
	GlobalSection(ProjectConfigurationPlatforms) = postSolution
		{7F08F8C5-68B7-4F62-A45E-DC2EB97EBC1E}.Debug|Any CPU.ActiveCfg = Debug|Any CPU
		{7F08F8C5-68B7-4F62-A45E-DC2EB97EBC1E}.Debug|Any CPU.Build.0 = Debug|Any CPU
		{7F08F8C5-68B7-4F62-A45E-DC2EB97EBC1E}.Release|Any CPU.ActiveCfg = Release|Any CPU
		{7F08F8C5-68B7-4F62-A45E-DC2EB97EBC1E}.Release|Any CPU.Build.0 = Release|Any CPU
	EndGlobalSection
	GlobalSection(SolutionProperties) = preSolution
		HideSolutionNode = FALSE
	EndGlobalSection
	GlobalSection(ExtensibilityGlobals) = postSolution
		SolutionGuid = {7A3D1F62-379A-4607-82E2-B09FE1A5DEC8}
	EndGlobalSection
EndGlobal
